// !$*UTF8*$!
{
	archiveVersion = 1;
	classes = {
	};
	objectVersion = 77;
	objects = {

/* Begin PBXBuildFile section */
		41ABA409601E206BF4849CFD /* LiveScribeApp.swift in Sources */ = {isa = PBXBuildFile; fileRef = 13C80BDC794B357DC665E7D3 /* LiveScribeApp.swift */; };
		4302592E9D9848AB1E027BD1 /* PopoverView.swift in Sources */ = {isa = PBXBuildFile; fileRef = 4FFC3E0F49E91ED242F795E7 /* PopoverView.swift */; };
		7C4D2B0B0F33322DE8AAC810 /* SpeechTranscriber.swift in Sources */ = {isa = PBXBuildFile; fileRef = 939DA9E4A026814CA8D854C7 /* SpeechTranscriber.swift */; };
		949B58253F2F0D55A5656708 /* AudioCaptureManager.swift in Sources */ = {isa = PBXBuildFile; fileRef = 4DE396975B149AD472E254CA /* AudioCaptureManager.swift */; };
		AB570593A0CBAAB1352FCC22 /* StatusBarController.swift in Sources */ = {isa = PBXBuildFile; fileRef = 388DDC0B92407939C82B80AA /* StatusBarController.swift */; };
		C7C3A86C86757FE562765BD6 /* TranscriptionEngine.swift in Sources */ = {isa = PBXBuildFile; fileRef = 16794984B998A1761C2321E0 /* TranscriptionEngine.swift */; };
		EDB83C72BE23C84041AFD0EA /* AppDelegate.swift in Sources */ = {isa = PBXBuildFile; fileRef = 50AA50E47363926AE14E9D34 /* AppDelegate.swift */; };
/* End PBXBuildFile section */

/* Begin PBXFileReference section */
		13C80BDC794B357DC665E7D3 /* LiveScribeApp.swift */ = {isa = PBXFileReference; lastKnownFileType = sourcecode.swift; path = LiveScribeApp.swift; sourceTree = "<group>"; };
		16794984B998A1761C2321E0 /* TranscriptionEngine.swift */ = {isa = PBXFileReference; lastKnownFileType = sourcecode.swift; path = TranscriptionEngine.swift; sourceTree = "<group>"; };
		388DDC0B92407939C82B80AA /* StatusBarController.swift */ = {isa = PBXFileReference; lastKnownFileType = sourcecode.swift; path = StatusBarController.swift; sourceTree = "<group>"; };
		4DE396975B149AD472E254CA /* AudioCaptureManager.swift */ = {isa = PBXFileReference; lastKnownFileType = sourcecode.swift; path = AudioCaptureManager.swift; sourceTree = "<group>"; };
		4FFC3E0F49E91ED242F795E7 /* PopoverView.swift */ = {isa = PBXFileReference; lastKnownFileType = sourcecode.swift; path = PopoverView.swift; sourceTree = "<group>"; };
		50AA50E47363926AE14E9D34 /* AppDelegate.swift */ = {isa = PBXFileReference; lastKnownFileType = sourcecode.swift; path = AppDelegate.swift; sourceTree = "<group>"; };
		939DA9E4A026814CA8D854C7 /* SpeechTranscriber.swift */ = {isa = PBXFileReference; lastKnownFileType = sourcecode.swift; path = SpeechTranscriber.swift; sourceTree = "<group>"; };
		E855BF6F7A3BC94C29D49A66 /* LiveScribe.app */ = {isa = PBXFileReference; explicitFileType = wrapper.application; includeInIndex = 0; path = LiveScribe.app; sourceTree = BUILT_PRODUCTS_DIR; };
/* End PBXFileReference section */

/* Begin PBXGroup section */
		78B711ADC213625EF7C899E4 /* Views */ = {
			isa = PBXGroup;
			children = (
				4FFC3E0F49E91ED242F795E7 /* PopoverView.swift */,
			);
			path = Views;
			sourceTree = "<group>";
		};
		85D3A36FABBDD3FEA0FB2335 /* Products */ = {
			isa = PBXGroup;
			children = (
				E855BF6F7A3BC94C29D49A66 /* LiveScribe.app */,
			);
			name = Products;
			sourceTree = "<group>";
		};
		85FDCAF5F55A6EE95BDA281D /* Audio */ = {
			isa = PBXGroup;
			children = (
				4DE396975B149AD472E254CA /* AudioCaptureManager.swift */,
			);
			path = Audio;
			sourceTree = "<group>";
		};
		B7BFDE813221AE27372C38BD = {
			isa = PBXGroup;
			children = (
				D5246757DE37A65EB2670B77 /* LiveScribe */,
				85D3A36FABBDD3FEA0FB2335 /* Products */,
			);
			sourceTree = "<group>";
		};
		D5246757DE37A65EB2670B77 /* LiveScribe */ = {
			isa = PBXGroup;
			children = (
				50AA50E47363926AE14E9D34 /* AppDelegate.swift */,
				13C80BDC794B357DC665E7D3 /* LiveScribeApp.swift */,
				388DDC0B92407939C82B80AA /* StatusBarController.swift */,
				85FDCAF5F55A6EE95BDA281D /* Audio */,
				DA73773B9776E8701D89ED02 /* Transcription */,
				78B711ADC213625EF7C899E4 /* Views */,
			);
			path = LiveScribe;
			sourceTree = "<group>";
		};
		DA73773B9776E8701D89ED02 /* Transcription */ = {
			isa = PBXGroup;
			children = (
				939DA9E4A026814CA8D854C7 /* SpeechTranscriber.swift */,
				16794984B998A1761C2321E0 /* TranscriptionEngine.swift */,
			);
			path = Transcription;
			sourceTree = "<group>";
		};
/* End PBXGroup section */

/* Begin PBXNativeTarget section */
		820AFABEEA4A3626CF522D3A /* LiveScribe */ = {
			isa = PBXNativeTarget;
			buildConfigurationList = 5F334B92A29E47772838E504 /* Build configuration list for PBXNativeTarget "LiveScribe" */;
			buildPhases = (
				21CE57E214F7BF851D76B8BB /* Sources */,
			);
			buildRules = (
			);
			dependencies = (
			);
			name = LiveScribe;
			packageProductDependencies = (
			);
			productName = LiveScribe;
			productReference = E855BF6F7A3BC94C29D49A66 /* LiveScribe.app */;
			productType = "com.apple.product-type.application";
		};
/* End PBXNativeTarget section */

/* Begin PBXProject section */
		26A34D2487D00D790BE5E959 /* Project object */ = {
			isa = PBXProject;
			attributes = {
				BuildIndependentTargetsInParallel = YES;
				LastUpgradeCheck = 1500;
				TargetAttributes = {
					820AFABEEA4A3626CF522D3A = {
						ProvisioningStyle = Automatic;
					};
				};
			};
			buildConfigurationList = 9E887A14E458D3B3305D070E /* Build configuration list for PBXProject "LiveScribe" */;
			compatibilityVersion = "Xcode 14.0";
			developmentRegion = en;
			hasScannedForEncodings = 0;
			knownRegions = (
				Base,
				en,
			);
			mainGroup = B7BFDE813221AE27372C38BD;
			minimizedProjectReferenceProxies = 1;
			preferredProjectObjectVersion = 77;
			projectDirPath = "";
			projectRoot = "";
			targets = (
				820AFABEEA4A3626CF522D3A /* LiveScribe */,
			);
		};
/* End PBXProject section */

/* Begin PBXSourcesBuildPhase section */
		21CE57E214F7BF851D76B8BB /* Sources */ = {
			isa = PBXSourcesBuildPhase;
			buildActionMask = 2147483647;
			files = (
				EDB83C72BE23C84041AFD0EA /* AppDelegate.swift in Sources */,
				949B58253F2F0D55A5656708 /* AudioCaptureManager.swift in Sources */,
				41ABA409601E206BF4849CFD /* LiveScribeApp.swift in Sources */,
				4302592E9D9848AB1E027BD1 /* PopoverView.swift in Sources */,
				7C4D2B0B0F33322DE8AAC810 /* SpeechTranscriber.swift in Sources */,
				AB570593A0CBAAB1352FCC22 /* StatusBarController.swift in Sources */,
				C7C3A86C86757FE562765BD6 /* TranscriptionEngine.swift in Sources */,
			);
			runOnlyForDeploymentPostprocessing = 0;
		};
/* End PBXSourcesBuildPhase section */

/* Begin XCBuildConfiguration section */
		1D3970C327585C437DF90128 /* Release */ = {
			isa = XCBuildConfiguration;
			buildSettings = {
				ALWAYS_SEARCH_USER_PATHS = NO;
				CLANG_ANALYZER_NONNULL = YES;
				CLANG_ANALYZER_NUMBER_OBJECT_CONVERSION = YES_AGGRESSIVE;
				CLANG_CXX_LANGUAGE_STANDARD = "gnu++14";
				CLANG_CXX_LIBRARY = "libc++";
				CLANG_ENABLE_MODULES = YES;
				CLANG_ENABLE_OBJC_ARC = YES;
				CLANG_ENABLE_OBJC_WEAK = YES;
				CLANG_WARN_BLOCK_CAPTURE_AUTORELEASING = YES;
				CLANG_WARN_BOOL_CONVERSION = YES;
				CLANG_WARN_COMMA = YES;
				CLANG_WARN_CONSTANT_CONVERSION = YES;
				CLANG_WARN_DEPRECATED_OBJC_IMPLEMENTATIONS = YES;
				CLANG_WARN_DIRECT_OBJC_ISA_USAGE = YES_ERROR;
				CLANG_WARN_DOCUMENTATION_COMMENTS = YES;
				CLANG_WARN_EMPTY_BODY = YES;
				CLANG_WARN_ENUM_CONVERSION = YES;
				CLANG_WARN_INFINITE_RECURSION = YES;
				CLANG_WARN_INT_CONVERSION = YES;
				CLANG_WARN_NON_LITERAL_NULL_CONVERSION = YES;
				CLANG_WARN_OBJC_IMPLICIT_RETAIN_SELF = YES;
				CLANG_WARN_OBJC_LITERAL_CONVERSION = YES;
				CLANG_WARN_OBJC_ROOT_CLASS = YES_ERROR;
				CLANG_WARN_QUOTED_INCLUDE_IN_FRAMEWORK_HEADER = YES;
				CLANG_WARN_RANGE_LOOP_ANALYSIS = YES;
				CLANG_WARN_STRICT_PROTOTYPES = YES;
				CLANG_WARN_SUSPICIOUS_MOVE = YES;
				CLANG_WARN_UNGUARDED_AVAILABILITY = YES_AGGRESSIVE;
				CLANG_WARN_UNREACHABLE_CODE = YES;
				CLANG_WARN__DUPLICATE_METHOD_MATCH = YES;
				CODE_SIGN_STYLE = Automatic;
				COPY_PHASE_STRIP = NO;
				DEBUG_INFORMATION_FORMAT = "dwarf-with-dsym";
				ENABLE_HARDENED_RUNTIME = YES;
				ENABLE_NS_ASSERTIONS = NO;
				ENABLE_STRICT_OBJC_MSGSEND = YES;
				GCC_C_LANGUAGE_STANDARD = gnu11;
				GCC_NO_COMMON_BLOCKS = YES;
				GCC_WARN_64_TO_32_BIT_CONVERSION = YES;
				GCC_WARN_ABOUT_RETURN_TYPE = YES_ERROR;
				GCC_WARN_UNDECLARED_SELECTOR = YES;
				GCC_WARN_UNINITIALIZED_AUTOS = YES_AGGRESSIVE;
				GCC_WARN_UNUSED_FUNCTION = YES;
				GCC_WARN_UNUSED_VARIABLE = YES;
				MACOSX_DEPLOYMENT_TARGET = 13.0;
				MTL_ENABLE_DEBUG_INFO = NO;
				MTL_FAST_MATH = YES;
				PRODUCT_NAME = "$(TARGET_NAME)";
				SDKROOT = macosx;
				SWIFT_COMPILATION_MODE = wholemodule;
				SWIFT_OPTIMIZATION_LEVEL = "-O";
				SWIFT_VERSION = 5.9;
			};
			name = Release;
		};
		2804D22744F72984C9802BDE /* Release */ = {
			isa = XCBuildConfiguration;
			buildSettings = {
				ASSETCATALOG_COMPILER_APPICON_NAME = AppIcon;
				CODE_SIGN_ENTITLEMENTS = LiveScribe/Resources/LiveScribe.entitlements;
				COMBINE_HIDPI_IMAGES = YES;
				INFOPLIST_FILE = LiveScribe/Resources/Info.plist;
				LD_RUNPATH_SEARCH_PATHS = (
					"$(inherited)",
					"@executable_path/../Frameworks",
				);
				PRODUCT_BUNDLE_IDENTIFIER = com.livescribe.app;
				SDKROOT = macosx;
			};
			name = Release;
		};
		2B61216C35DC40E853942983 /* Debug */ = {
			isa = XCBuildConfiguration;
			buildSettings = {
				ASSETCATALOG_COMPILER_APPICON_NAME = AppIcon;
				CODE_SIGN_ENTITLEMENTS = LiveScribe/Resources/LiveScribe.entitlements;
				COMBINE_HIDPI_IMAGES = YES;
				INFOPLIST_FILE = LiveScribe/Resources/Info.plist;
				LD_RUNPATH_SEARCH_PATHS = (
					"$(inherited)",
					"@executable_path/../Frameworks",
				);
				PRODUCT_BUNDLE_IDENTIFIER = com.livescribe.app;
				SDKROOT = macosx;
			};
			name = Debug;
		};
		71DFAB4A1DD071370E840E75 /* Debug */ = {
			isa = XCBuildConfiguration;
			buildSettings = {
				ALWAYS_SEARCH_USER_PATHS = NO;
				CLANG_ANALYZER_NONNULL = YES;
				CLANG_ANALYZER_NUMBER_OBJECT_CONVERSION = YES_AGGRESSIVE;
				CLANG_CXX_LANGUAGE_STANDARD = "gnu++14";
				CLANG_CXX_LIBRARY = "libc++";
				CLANG_ENABLE_MODULES = YES;
				CLANG_ENABLE_OBJC_ARC = YES;
				CLANG_ENABLE_OBJC_WEAK = YES;
				CLANG_WARN_BLOCK_CAPTURE_AUTORELEASING = YES;
				CLANG_WARN_BOOL_CONVERSION = YES;
				CLANG_WARN_COMMA = YES;
				CLANG_WARN_CONSTANT_CONVERSION = YES;
				CLANG_WARN_DEPRECATED_OBJC_IMPLEMENTATIONS = YES;
				CLANG_WARN_DIRECT_OBJC_ISA_USAGE = YES_ERROR;
				CLANG_WARN_DOCUMENTATION_COMMENTS = YES;
				CLANG_WARN_EMPTY_BODY = YES;
				CLANG_WARN_ENUM_CONVERSION = YES;
				CLANG_WARN_INFINITE_RECURSION = YES;
				CLANG_WARN_INT_CONVERSION = YES;
				CLANG_WARN_NON_LITERAL_NULL_CONVERSION = YES;
				CLANG_WARN_OBJC_IMPLICIT_RETAIN_SELF = YES;
				CLANG_WARN_OBJC_LITERAL_CONVERSION = YES;
				CLANG_WARN_OBJC_ROOT_CLASS = YES_ERROR;
				CLANG_WARN_QUOTED_INCLUDE_IN_FRAMEWORK_HEADER = YES;
				CLANG_WARN_RANGE_LOOP_ANALYSIS = YES;
				CLANG_WARN_STRICT_PROTOTYPES = YES;
				CLANG_WARN_SUSPICIOUS_MOVE = YES;
				CLANG_WARN_UNGUARDED_AVAILABILITY = YES_AGGRESSIVE;
				CLANG_WARN_UNREACHABLE_CODE = YES;
				CLANG_WARN__DUPLICATE_METHOD_MATCH = YES;
				CODE_SIGN_STYLE = Automatic;
				COPY_PHASE_STRIP = NO;
				DEBUG_INFORMATION_FORMAT = dwarf;
				ENABLE_HARDENED_RUNTIME = YES;
				ENABLE_STRICT_OBJC_MSGSEND = YES;
				ENABLE_TESTABILITY = YES;
				GCC_C_LANGUAGE_STANDARD = gnu11;
				GCC_DYNAMIC_NO_PIC = NO;
				GCC_NO_COMMON_BLOCKS = YES;
				GCC_OPTIMIZATION_LEVEL = 0;
				GCC_PREPROCESSOR_DEFINITIONS = (
					"$(inherited)",
					"DEBUG=1",
				);
				GCC_WARN_64_TO_32_BIT_CONVERSION = YES;
				GCC_WARN_ABOUT_RETURN_TYPE = YES_ERROR;
				GCC_WARN_UNDECLARED_SELECTOR = YES;
				GCC_WARN_UNINITIALIZED_AUTOS = YES_AGGRESSIVE;
				GCC_WARN_UNUSED_FUNCTION = YES;
				GCC_WARN_UNUSED_VARIABLE = YES;
				MACOSX_DEPLOYMENT_TARGET = 13.0;
				MTL_ENABLE_DEBUG_INFO = INCLUDE_SOURCE;
				MTL_FAST_MATH = YES;
				ONLY_ACTIVE_ARCH = YES;
				PRODUCT_NAME = "$(TARGET_NAME)";
				SDKROOT = macosx;
				SWIFT_ACTIVE_COMPILATION_CONDITIONS = DEBUG;
				SWIFT_OPTIMIZATION_LEVEL = "-Onone";
				SWIFT_VERSION = 5.9;
			};
			name = Debug;
		};
/* End XCBuildConfiguration section */

/* Begin XCConfigurationList section */
		5F334B92A29E47772838E504 /* Build configuration list for PBXNativeTarget "LiveScribe" */ = {
			isa = XCConfigurationList;
			buildConfigurations = (
				2B61216C35DC40E853942983 /* Debug */,
				2804D22744F72984C9802BDE /* Release */,
			);
			defaultConfigurationIsVisible = 0;
			defaultConfigurationName = Debug;
		};
		9E887A14E458D3B3305D070E /* Build configuration list for PBXProject "LiveScribe" */ = {
			isa = XCConfigurationList;
			buildConfigurations = (
				71DFAB4A1DD071370E840E75 /* Debug */,
				1D3970C327585C437DF90128 /* Release */,
			);
			defaultConfigurationIsVisible = 0;
			defaultConfigurationName = Debug;
		};
/* End XCConfigurationList section */
	};
	rootObject = 26A34D2487D00D790BE5E959 /* Project object */;
}
